<?xml version="1.0" encoding="utf-8"?>
<Project ToolsVersion="4.0" xmlns="http://schemas.microsoft.com/developer/msbuild/2003">
  <ItemGroup>
    <Filter Include="Source Files">
      <UniqueIdentifier>{4FC737F1-C7A5-4376-A066-2A32D752A2FF}</UniqueIdentifier>
      <Extensions>cpp;c;cc;cxx;def;odl;idl;hpj;bat;asm;asmx</Extensions>
    </Filter>
    <Filter Include="Header Files">
      <UniqueIdentifier>{93995380-89BD-4b04-88EB-625FBE52EBFB}</UniqueIdentifier>
      <Extensions>h;hh;hpp;hxx;hm;inl;inc;xsd</Extensions>
    </Filter>
    <Filter Include="Resource Files">
      <UniqueIdentifier>{67DA6AB6-F800-4c08-8B7A-83BB121AAD01}</UniqueIdentifier>
      <Extensions>rc;ico;cur;bmp;dlg;rc2;rct;bin;rgs;gif;jpg;jpeg;jpe;resx;tiff;tif;png;wav;mfcribbon-ms</Extensions>
    </Filter>
    <Filter Include="Header Files\lz4">
      <UniqueIdentifier>{f8e1824b-1c71-4aac-8941-dc155d56c007}</UniqueIdentifier>
    </Filter>
    <Filter Include="Source Files\lz4">
      <UniqueIdentifier>{829d4531-19f5-4317-b310-8fbf88294f02}</UniqueIdentifier>
    </Filter>
  </ItemGroup>
  <ItemGroup>
    <Text Include="ReadMe.txt" />
  </ItemGroup>
  <ItemGroup>
    <ClInclude Include="stdafx.h">
      <Filter>Header Files</Filter>
    </ClInclude>
    <ClInclude Include="targetver.h">
      <Filter>Header Files</Filter>
    </ClInclude>
    <ClInclude Include="CompressedDumpMaker.h">
      <Filter>Header Files</Filter>
    </ClInclude>
    <ClInclude Include="lz4mtLib\lz4\lz4.h">
      <Filter>Header Files\lz4</Filter>
    </ClInclude>
    <ClInclude Include="lz4mtLib\lz4\lz4frame.h">
      <Filter>Header Files\lz4</Filter>
    </ClInclude>
    <ClInclude Include="lz4mtLib\lz4\lz4frame_static.h">
      <Filter>Header Files\lz4</Filter>
    </ClInclude>
    <ClInclude Include="lz4mtLib\lz4\lz4hc.h">
      <Filter>Header Files\lz4</Filter>
    </ClInclude>
    <ClInclude Include="lz4mtLib\lz4mt.h">
      <Filter>Header Files\lz4</Filter>
    </ClInclude>
    <ClInclude Include="lz4mtLib\lz4mt_compat.h">
      <Filter>Header Files\lz4</Filter>
    </ClInclude>
    <ClInclude Include="lz4mtLib\lz4mt_io_cstdio.h">
      <Filter>Header Files\lz4</Filter>
    </ClInclude>
    <ClInclude Include="lz4mtLib\lz4mt_mempool.h">
      <Filter>Header Files\lz4</Filter>
    </ClInclude>
    <ClInclude Include="lz4mtLib\lz4mt_xxh32.h">
      <Filter>Header Files\lz4</Filter>
    </ClInclude>
    <ClInclude Include="lz4mtLib\lz4\xxhash.h">
      <Filter>Header Files\lz4</Filter>
    </ClInclude>
    <ClInclude Include="DumpCreator.h">
      <Filter>Header Files</Filter>
    </ClInclude>
    <ClInclude Include="MinidumpUtils.h">
      <Filter>Header Files</Filter>
    </ClInclude>
    <ClInclude Include="ProcessSuspender.h">
      <Filter>Header Files</Filter>
    </ClInclude>
    <ClInclude Include="wHandle.h">
      <Filter>Header Files</Filter>
    </ClInclude>
    <ClInclude Include="MemoryListStreamPartitioner.h">
      <Filter>Header Files</Filter>
    </ClInclude>
    <ClInclude Include="CompressionWorkers.h">
      <Filter>Header Files</Filter>
    </ClInclude>
  </ItemGroup>
  <ItemGroup>
    <ClCompile Include="stdafx.cpp">
      <Filter>Source Files</Filter>
    </ClCompile>
    <ClCompile Include="dllmain.cpp">
      <Filter>Source Files</Filter>
    </ClCompile>
    <ClCompile Include="lz4mtLib\lz4\lz4.c">
      <Filter>Source Files\lz4</Filter>
    </ClCompile>
    <ClCompile Include="lz4mtLib\lz4\lz4frame.c">
      <Filter>Source Files\lz4</Filter>
    </ClCompile>
    <ClCompile Include="lz4mtLib\lz4\lz4hc.c">
      <Filter>Source Files\lz4</Filter>
    </ClCompile>
    <ClCompile Include="lz4mtLib\lz4mt.cpp">
      <Filter>Source Files\lz4</Filter>
    </ClCompile>
    <ClCompile Include="lz4mtLib\lz4mt_compat.cpp">
      <Filter>Source Files\lz4</Filter>
    </ClCompile>
    <ClCompile Include="lz4mtLib\lz4mt_io_cstdio.cpp">
      <Filter>Source Files\lz4</Filter>
    </ClCompile>
    <ClCompile Include="lz4mtLib\lz4mt_mempool.cpp">
      <Filter>Source Files\lz4</Filter>
    </ClCompile>
    <ClCompile Include="lz4mtLib\lz4mt_result.cpp">
      <Filter>Source Files\lz4</Filter>
    </ClCompile>
    <ClCompile Include="lz4mtLib\lz4mt_xxh32.cpp">
      <Filter>Source Files\lz4</Filter>
    </ClCompile>
    <ClCompile Include="lz4mtLib\lz4\xxhash.c">
      <Filter>Source Files\lz4</Filter>
    </ClCompile>
    <ClCompile Include="DumpCreator.cpp">
      <Filter>Source Files</Filter>
    </ClCompile>
    <ClCompile Include="MinidumpUtils.cpp">
      <Filter>Source Files</Filter>
    </ClCompile>
    <ClCompile Include="ProcessSuspender.cpp">
      <Filter>Source Files</Filter>
    </ClCompile>
    <ClCompile Include="MemoryListStreamPartitioner.cpp">
      <Filter>Source Files</Filter>
    </ClCompile>
    <ClCompile Include="CompressionWorkers.cpp">
      <Filter>Source Files</Filter>
    </ClCompile>
    <ClCompile Include="CompressedDumpMaker.cpp">
      <Filter>Source Files</Filter>
    </ClCompile>
  </ItemGroup>
</Project>